
Microsoft Visual Studio Solution File, Format Version 12.00
# Visual Studio Version 16
VisualStudioVersion = 16.0.30104.148
MinimumVisualStudioVersion = 10.0.40219.1
Project("{FAE04EC0-301F-11D3-BF4B-00C04F79EFBC}") = "ConsoleAppInheritanceC", "ConsoleAppInheritanceC\ConsoleAppInheritanceC.csproj", "{BEFB84CB-8D9B-4D78-BAD6-8634FF4CB0F9}"
EndProject
Global
	GlobalSection(SolutionConfigurationPlatforms) = preSolution
		Debug|Any CPU = Debug|Any CPU
		Release|Any CPU = Release|Any CPU
	EndGlobalSection
	GlobalSection(ProjectConfigurationPlatforms) = postSolution
		{BEFB84CB-8D9B-4D78-BAD6-8634FF4CB0F9}.Debug|Any CPU.ActiveCfg = Debug|Any CPU
		{BEFB84CB-8D9B-4D78-BAD6-8634FF4CB0F9}.Debug|Any CPU.Build.0 = Debug|Any CPU
		{BEFB84CB-8D9B-4D78-BAD6-8634FF4CB0F9}.Release|Any CPU.ActiveCfg = Release|Any CPU
		{BEFB84CB-8D9B-4D78-BAD6-8634FF4CB0F9}.Release|Any CPU.Build.0 = Release|Any CPU
	EndGlobalSection
	GlobalSection(SolutionProperties) = preSolution
		HideSolutionNode = FALSE
	EndGlobalSection
	GlobalSection(ExtensibilityGlobals) = postSolution
		SolutionGuid = {B69E0515-B6F1-4522-A8B7-3124F64D9AF4}
	EndGlobalSection
EndGlobal
