
Microsoft Visual Studio Solution File, Format Version 12.00
# Visual Studio Version 16
VisualStudioVersion = 16.0.35325.158
MinimumVisualStudioVersion = 10.0.40219.1
Project("{FAE04EC0-301F-11D3-BF4B-00C04F79EFBC}") = "LabTask_3", "LabTask_3.csproj", "{4EFCDFCC-87CF-4583-9A45-FE603F4D1358}"
EndProject
Global
	GlobalSection(SolutionConfigurationPlatforms) = preSolution
		Debug|Any CPU = Debug|Any CPU
		Release|Any CPU = Release|Any CPU
	EndGlobalSection
	GlobalSection(ProjectConfigurationPlatforms) = postSolution
		{4EFCDFCC-87CF-4583-9A45-FE603F4D1358}.Debug|Any CPU.ActiveCfg = Debug|Any CPU
		{4EFCDFCC-87CF-4583-9A45-FE603F4D1358}.Debug|Any CPU.Build.0 = Debug|Any CPU
		{4EFCDFCC-87CF-4583-9A45-FE603F4D1358}.Release|Any CPU.ActiveCfg = Release|Any CPU
		{4EFCDFCC-87CF-4583-9A45-FE603F4D1358}.Release|Any CPU.Build.0 = Release|Any CPU
	EndGlobalSection
	GlobalSection(SolutionProperties) = preSolution
		HideSolutionNode = FALSE
	EndGlobalSection
	GlobalSection(ExtensibilityGlobals) = postSolution
		SolutionGuid = {7912337B-68E3-41F9-B9BB-30D4A3B200E5}
	EndGlobalSection
EndGlobal
