
Microsoft Visual Studio Solution File, Format Version 12.00
# Visual Studio Version 16
VisualStudioVersion = 16.0.30104.148
MinimumVisualStudioVersion = 10.0.40219.1
Project("{FAE04EC0-301F-11D3-BF4B-00C04F79EFBC}") = "ConsoleAppClassC", "ConsoleAppClassC\ConsoleAppClassC.csproj", "{7A58F91E-2269-4370-AD92-63CD4E65DB02}"
EndProject
Global
	GlobalSection(SolutionConfigurationPlatforms) = preSolution
		Debug|Any CPU = Debug|Any CPU
		Release|Any CPU = Release|Any CPU
	EndGlobalSection
	GlobalSection(ProjectConfigurationPlatforms) = postSolution
		{7A58F91E-2269-4370-AD92-63CD4E65DB02}.Debug|Any CPU.ActiveCfg = Debug|Any CPU
		{7A58F91E-2269-4370-AD92-63CD4E65DB02}.Debug|Any CPU.Build.0 = Debug|Any CPU
		{7A58F91E-2269-4370-AD92-63CD4E65DB02}.Release|Any CPU.ActiveCfg = Release|Any CPU
		{7A58F91E-2269-4370-AD92-63CD4E65DB02}.Release|Any CPU.Build.0 = Release|Any CPU
	EndGlobalSection
	GlobalSection(SolutionProperties) = preSolution
		HideSolutionNode = FALSE
	EndGlobalSection
	GlobalSection(ExtensibilityGlobals) = postSolution
		SolutionGuid = {A1B21BDF-97C4-4F9C-84F6-5BC20F6CD87A}
	EndGlobalSection
EndGlobal
