
Microsoft Visual Studio Solution File, Format Version 12.00
# Visual Studio Version 16
VisualStudioVersion = 16.0.35325.158
MinimumVisualStudioVersion = 10.0.40219.1
Project("{FAE04EC0-301F-11D3-BF4B-00C04F79EFBC}") = "Task1", "Task1\Task1.csproj", "{8AB22C17-6A88-4091-B554-928912243FEC}"
EndProject
Global
	GlobalSection(SolutionConfigurationPlatforms) = preSolution
		Debug|Any CPU = Debug|Any CPU
		Release|Any CPU = Release|Any CPU
	EndGlobalSection
	GlobalSection(ProjectConfigurationPlatforms) = postSolution
		{8AB22C17-6A88-4091-B554-928912243FEC}.Debug|Any CPU.ActiveCfg = Debug|Any CPU
		{8AB22C17-6A88-4091-B554-928912243FEC}.Debug|Any CPU.Build.0 = Debug|Any CPU
		{8AB22C17-6A88-4091-B554-928912243FEC}.Release|Any CPU.ActiveCfg = Release|Any CPU
		{8AB22C17-6A88-4091-B554-928912243FEC}.Release|Any CPU.Build.0 = Release|Any CPU
	EndGlobalSection
	GlobalSection(SolutionProperties) = preSolution
		HideSolutionNode = FALSE
	EndGlobalSection
	GlobalSection(ExtensibilityGlobals) = postSolution
		SolutionGuid = {7168DC88-750B-41E7-BB5A-9360C617DB92}
	EndGlobalSection
EndGlobal
