
Microsoft Visual Studio Solution File, Format Version 12.00
# Visual Studio Version 17
VisualStudioVersion = 17.11.35327.3
MinimumVisualStudioVersion = 10.0.40219.1
Project("{FAE04EC0-301F-11D3-BF4B-00C04F79EFBC}") = "ConsoleApp1", "ConsoleApp1\ConsoleApp1.csproj", "{FA844347-257D-481E-BE99-4014A318A09A}"
EndProject
Global
	GlobalSection(SolutionConfigurationPlatforms) = preSolution
		Debug|Any CPU = Debug|Any CPU
		Release|Any CPU = Release|Any CPU
	EndGlobalSection
	GlobalSection(ProjectConfigurationPlatforms) = postSolution
		{FA844347-257D-481E-BE99-4014A318A09A}.Debug|Any CPU.ActiveCfg = Debug|Any CPU
		{FA844347-257D-481E-BE99-4014A318A09A}.Debug|Any CPU.Build.0 = Debug|Any CPU
		{FA844347-257D-481E-BE99-4014A318A09A}.Release|Any CPU.ActiveCfg = Release|Any CPU
		{FA844347-257D-481E-BE99-4014A318A09A}.Release|Any CPU.Build.0 = Release|Any CPU
	EndGlobalSection
	GlobalSection(SolutionProperties) = preSolution
		HideSolutionNode = FALSE
	EndGlobalSection
	GlobalSection(ExtensibilityGlobals) = postSolution
		SolutionGuid = {11C9A904-F6C0-496C-991B-9EF60230F4F3}
	EndGlobalSection
EndGlobal
