
Microsoft Visual Studio Solution File, Format Version 12.00
# Visual Studio Version 16
VisualStudioVersion = 16.0.35325.158
MinimumVisualStudioVersion = 10.0.40219.1
Project("{FAE04EC0-301F-11D3-BF4B-00C04F79EFBC}") = "ClassObject", "ClassObject.csproj", "{4E6F9396-D4C3-4D5A-AED7-ABF9A2D21BD6}"
EndProject
Global
	GlobalSection(SolutionConfigurationPlatforms) = preSolution
		Debug|Any CPU = Debug|Any CPU
		Release|Any CPU = Release|Any CPU
	EndGlobalSection
	GlobalSection(ProjectConfigurationPlatforms) = postSolution
		{4E6F9396-D4C3-4D5A-AED7-ABF9A2D21BD6}.Debug|Any CPU.ActiveCfg = Debug|Any CPU
		{4E6F9396-D4C3-4D5A-AED7-ABF9A2D21BD6}.Debug|Any CPU.Build.0 = Debug|Any CPU
		{4E6F9396-D4C3-4D5A-AED7-ABF9A2D21BD6}.Release|Any CPU.ActiveCfg = Release|Any CPU
		{4E6F9396-D4C3-4D5A-AED7-ABF9A2D21BD6}.Release|Any CPU.Build.0 = Release|Any CPU
	EndGlobalSection
	GlobalSection(SolutionProperties) = preSolution
		HideSolutionNode = FALSE
	EndGlobalSection
	GlobalSection(ExtensibilityGlobals) = postSolution
		SolutionGuid = {251ECB55-08D8-442F-B07C-29417031FAD9}
	EndGlobalSection
EndGlobal
