
Microsoft Visual Studio Solution File, Format Version 12.00
# Visual Studio Version 16
VisualStudioVersion = 16.0.35325.158
MinimumVisualStudioVersion = 10.0.40219.1
Project("{FAE04EC0-301F-11D3-BF4B-00C04F79EFBC}") = "first_program", "first_program\first_program.csproj", "{51845741-52D2-424B-A841-93D70505D13D}"
EndProject
Global
	GlobalSection(SolutionConfigurationPlatforms) = preSolution
		Debug|Any CPU = Debug|Any CPU
		Release|Any CPU = Release|Any CPU
	EndGlobalSection
	GlobalSection(ProjectConfigurationPlatforms) = postSolution
		{51845741-52D2-424B-A841-93D70505D13D}.Debug|Any CPU.ActiveCfg = Debug|Any CPU
		{51845741-52D2-424B-A841-93D70505D13D}.Debug|Any CPU.Build.0 = Debug|Any CPU
		{51845741-52D2-424B-A841-93D70505D13D}.Release|Any CPU.ActiveCfg = Release|Any CPU
		{51845741-52D2-424B-A841-93D70505D13D}.Release|Any CPU.Build.0 = Release|Any CPU
	EndGlobalSection
	GlobalSection(SolutionProperties) = preSolution
		HideSolutionNode = FALSE
	EndGlobalSection
	GlobalSection(ExtensibilityGlobals) = postSolution
		SolutionGuid = {94AB73CF-4374-4CE1-BE22-184775B692D8}
	EndGlobalSection
EndGlobal
