
Microsoft Visual Studio Solution File, Format Version 12.00
# Visual Studio Version 16
VisualStudioVersion = 16.0.35325.158
MinimumVisualStudioVersion = 10.0.40219.1
Project("{FAE04EC0-301F-11D3-BF4B-00C04F79EFBC}") = "condition_check_function", "condition_check_function\condition_check_function.csproj", "{AEC6450C-0CD0-4ABF-9D64-1161D7733DDE}"
EndProject
Global
	GlobalSection(SolutionConfigurationPlatforms) = preSolution
		Debug|Any CPU = Debug|Any CPU
		Release|Any CPU = Release|Any CPU
	EndGlobalSection
	GlobalSection(ProjectConfigurationPlatforms) = postSolution
		{AEC6450C-0CD0-4ABF-9D64-1161D7733DDE}.Debug|Any CPU.ActiveCfg = Debug|Any CPU
		{AEC6450C-0CD0-4ABF-9D64-1161D7733DDE}.Debug|Any CPU.Build.0 = Debug|Any CPU
		{AEC6450C-0CD0-4ABF-9D64-1161D7733DDE}.Release|Any CPU.ActiveCfg = Release|Any CPU
		{AEC6450C-0CD0-4ABF-9D64-1161D7733DDE}.Release|Any CPU.Build.0 = Release|Any CPU
	EndGlobalSection
	GlobalSection(SolutionProperties) = preSolution
		HideSolutionNode = FALSE
	EndGlobalSection
	GlobalSection(ExtensibilityGlobals) = postSolution
		SolutionGuid = {74B87042-962D-4767-844B-A527F68394CE}
	EndGlobalSection
EndGlobal
